
Microsoft Visual Studio Solution File, Format Version 12.00
# Visual Studio Version 17
VisualStudioVersion = 17.12.35506.116
MinimumVisualStudioVersion = 10.0.40219.1
Project("{FAE04EC0-301F-11D3-BF4B-00C04F79EFBC}") = "CipherLibrary", "CipherLibrary\CipherLibrary.csproj", "{843C68EC-BC92-42A6-9D34-5E2DD43EA602}"
EndProject
Project("{FAE04EC0-301F-11D3-BF4B-00C04F79EFBC}") = "CipherLibraryTests", "CipherLibraryTests\CipherLibraryTests.csproj", "{467ADB45-6C16-4499-89B3-B410E5C2E774}"
EndProject
Global
	GlobalSection(SolutionConfigurationPlatforms) = preSolution
		Debug|Any CPU = Debug|Any CPU
		Release|Any CPU = Release|Any CPU
	EndGlobalSection
	GlobalSection(ProjectConfigurationPlatforms) = postSolution
		{843C68EC-BC92-42A6-9D34-5E2DD43EA602}.Debug|Any CPU.ActiveCfg = Debug|Any CPU
		{843C68EC-BC92-42A6-9D34-5E2DD43EA602}.Debug|Any CPU.Build.0 = Debug|Any CPU
		{843C68EC-BC92-42A6-9D34-5E2DD43EA602}.Release|Any CPU.ActiveCfg = Release|Any CPU
		{843C68EC-BC92-42A6-9D34-5E2DD43EA602}.Release|Any CPU.Build.0 = Release|Any CPU
		{467ADB45-6C16-4499-89B3-B410E5C2E774}.Debug|Any CPU.ActiveCfg = Debug|Any CPU
		{467ADB45-6C16-4499-89B3-B410E5C2E774}.Debug|Any CPU.Build.0 = Debug|Any CPU
		{467ADB45-6C16-4499-89B3-B410E5C2E774}.Release|Any CPU.ActiveCfg = Release|Any CPU
		{467ADB45-6C16-4499-89B3-B410E5C2E774}.Release|Any CPU.Build.0 = Release|Any CPU
	EndGlobalSection
	GlobalSection(SolutionProperties) = preSolution
		HideSolutionNode = FALSE
	EndGlobalSection
EndGlobal
